
Microsoft Visual Studio Solution File, Format Version 12.00
# Visual Studio Version 16
VisualStudioVersion = 16.0.29613.14
MinimumVisualStudioVersion = 10.0.40219.1
Project("{FAE04EC0-301F-11D3-BF4B-00C04F79EFBC}") = "数组", "数组\数组.csproj", "{518BA4D8-9B1F-4617-92C1-695862F0016D}"
EndProject
Global
	GlobalSection(SolutionConfigurationPlatforms) = preSolution
		Debug|Any CPU = Debug|Any CPU
		Release|Any CPU = Release|Any CPU
	EndGlobalSection
	GlobalSection(ProjectConfigurationPlatforms) = postSolution
		{518BA4D8-9B1F-4617-92C1-695862F0016D}.Debug|Any CPU.ActiveCfg = Debug|Any CPU
		{518BA4D8-9B1F-4617-92C1-695862F0016D}.Debug|Any CPU.Build.0 = Debug|Any CPU
		{518BA4D8-9B1F-4617-92C1-695862F0016D}.Release|Any CPU.ActiveCfg = Release|Any CPU
		{518BA4D8-9B1F-4617-92C1-695862F0016D}.Release|Any CPU.Build.0 = Release|Any CPU
	EndGlobalSection
	GlobalSection(SolutionProperties) = preSolution
		HideSolutionNode = FALSE
	EndGlobalSection
	GlobalSection(ExtensibilityGlobals) = postSolution
		SolutionGuid = {A318FDCF-5A85-41EF-A768-1308F7628646}
	EndGlobalSection
EndGlobal
