
Microsoft Visual Studio Solution File, Format Version 12.00
# Visual Studio Version 16
VisualStudioVersion = 16.0.30104.148
MinimumVisualStudioVersion = 10.0.40219.1
Project("{FAE04EC0-301F-11D3-BF4B-00C04F79EFBC}") = "clock", "clock.csproj", "{DD55DBE7-2136-4736-AA5F-F149480F19A5}"
EndProject
Global
	GlobalSection(SolutionConfigurationPlatforms) = preSolution
		Debug|Any CPU = Debug|Any CPU
		Release|Any CPU = Release|Any CPU
	EndGlobalSection
	GlobalSection(ProjectConfigurationPlatforms) = postSolution
		{DD55DBE7-2136-4736-AA5F-F149480F19A5}.Debug|Any CPU.ActiveCfg = Debug|Any CPU
		{DD55DBE7-2136-4736-AA5F-F149480F19A5}.Debug|Any CPU.Build.0 = Debug|Any CPU
		{DD55DBE7-2136-4736-AA5F-F149480F19A5}.Release|Any CPU.ActiveCfg = Release|Any CPU
		{DD55DBE7-2136-4736-AA5F-F149480F19A5}.Release|Any CPU.Build.0 = Release|Any CPU
	EndGlobalSection
	GlobalSection(SolutionProperties) = preSolution
		HideSolutionNode = FALSE
	EndGlobalSection
	GlobalSection(ExtensibilityGlobals) = postSolution
		SolutionGuid = {BD17A3CF-2568-456B-AD5D-4F14C2E6B048}
	EndGlobalSection
EndGlobal
