
Microsoft Visual Studio Solution File, Format Version 12.00
# Visual Studio Version 16
VisualStudioVersion = 16.0.29613.14
MinimumVisualStudioVersion = 10.0.40219.1
Project("{FAE04EC0-301F-11D3-BF4B-00C04F79EFBC}") = "质数", "质数\质数.csproj", "{71627010-F8AE-493C-8C48-7F0BF483B70E}"
EndProject
Global
	GlobalSection(SolutionConfigurationPlatforms) = preSolution
		Debug|Any CPU = Debug|Any CPU
		Release|Any CPU = Release|Any CPU
	EndGlobalSection
	GlobalSection(ProjectConfigurationPlatforms) = postSolution
		{71627010-F8AE-493C-8C48-7F0BF483B70E}.Debug|Any CPU.ActiveCfg = Debug|Any CPU
		{71627010-F8AE-493C-8C48-7F0BF483B70E}.Debug|Any CPU.Build.0 = Debug|Any CPU
		{71627010-F8AE-493C-8C48-7F0BF483B70E}.Release|Any CPU.ActiveCfg = Release|Any CPU
		{71627010-F8AE-493C-8C48-7F0BF483B70E}.Release|Any CPU.Build.0 = Release|Any CPU
	EndGlobalSection
	GlobalSection(SolutionProperties) = preSolution
		HideSolutionNode = FALSE
	EndGlobalSection
	GlobalSection(ExtensibilityGlobals) = postSolution
		SolutionGuid = {B71E8625-78C2-4377-AD97-325A40C82430}
	EndGlobalSection
EndGlobal
